
Microsoft Visual Studio Solution File, Format Version 12.00
# Visual Studio Version 17
VisualStudioVersion = 17.14.36408.4 d17.14
MinimumVisualStudioVersion = 10.0.40219.1
Project("{FAE04EC0-301F-11D3-BF4B-00C04F79EFBC}") = "MeuCorre", "MeuCorre.csproj", "{D43FA858-70B2-4BD5-9BC8-0313BBA0A4F5}"
EndProject
Global
	GlobalSection(SolutionConfigurationPlatforms) = preSolution
		Debug|Any CPU = Debug|Any CPU
		Release|Any CPU = Release|Any CPU
	EndGlobalSection
	GlobalSection(ProjectConfigurationPlatforms) = postSolution
		{D43FA858-70B2-4BD5-9BC8-0313BBA0A4F5}.Debug|Any CPU.ActiveCfg = Debug|Any CPU
		{D43FA858-70B2-4BD5-9BC8-0313BBA0A4F5}.Debug|Any CPU.Build.0 = Debug|Any CPU
		{D43FA858-70B2-4BD5-9BC8-0313BBA0A4F5}.Release|Any CPU.ActiveCfg = Release|Any CPU
		{D43FA858-70B2-4BD5-9BC8-0313BBA0A4F5}.Release|Any CPU.Build.0 = Release|Any CPU
	EndGlobalSection
	GlobalSection(SolutionProperties) = preSolution
		HideSolutionNode = FALSE
	EndGlobalSection
	GlobalSection(ExtensibilityGlobals) = postSolution
		SolutionGuid = {98D4DB27-33BE-49A9-88ED-A1E280C9772B}
	EndGlobalSection
EndGlobal
